
Microsoft Visual Studio Solution File, Format Version 12.00
# Visual Studio 15
VisualStudioVersion = 15.0.27130.2010
MinimumVisualStudioVersion = 10.0.40219.1
Project("{FAE04EC0-301F-11D3-BF4B-00C04F79EFBC}") = "project4", "project4\project4.csproj", "{BC2617BB-8FF9-43F1-95D5-3AE3ED747C4D}"
EndProject
Global
	GlobalSection(SolutionConfigurationPlatforms) = preSolution
		Debug|Any CPU = Debug|Any CPU
		Release|Any CPU = Release|Any CPU
	EndGlobalSection
	GlobalSection(ProjectConfigurationPlatforms) = postSolution
		{BC2617BB-8FF9-43F1-95D5-3AE3ED747C4D}.Debug|Any CPU.ActiveCfg = Debug|Any CPU
		{BC2617BB-8FF9-43F1-95D5-3AE3ED747C4D}.Debug|Any CPU.Build.0 = Debug|Any CPU
		{BC2617BB-8FF9-43F1-95D5-3AE3ED747C4D}.Release|Any CPU.ActiveCfg = Release|Any CPU
		{BC2617BB-8FF9-43F1-95D5-3AE3ED747C4D}.Release|Any CPU.Build.0 = Release|Any CPU
	EndGlobalSection
	GlobalSection(SolutionProperties) = preSolution
		HideSolutionNode = FALSE
	EndGlobalSection
	GlobalSection(ExtensibilityGlobals) = postSolution
		SolutionGuid = {F58B6A62-389D-41EB-937A-9E62552D8113}
	EndGlobalSection
EndGlobal
